// !$*UTF8*$!
{
	archiveVersion = 1;
	classes = {
	};
	objectVersion = 46;
	objects = {

/* Begin PBXBuildFile section */
		8162B6EC1CB2C4DF00F1F39E /* ViewModel.swift in Sources */ = {isa = PBXBuildFile; fileRef = 8162B6EB1CB2C4DF00F1F39E /* ViewModel.swift */; };
		8162B6EE1CB2C4EE00F1F39E /* Model.swift in Sources */ = {isa = PBXBuildFile; fileRef = 8162B6ED1CB2C4EE00F1F39E /* Model.swift */; };
		81B1C0671CAD6BFD00CB2AD8 /* AppDelegate.swift in Sources */ = {isa = PBXBuildFile; fileRef = 81B1C0661CAD6BFD00CB2AD8 /* AppDelegate.swift */; };
		81B1C0691CAD6BFD00CB2AD8 /* ViewController.swift in Sources */ = {isa = PBXBuildFile; fileRef = 81B1C0681CAD6BFD00CB2AD8 /* ViewController.swift */; };
		81B1C06B1CAD6BFD00CB2AD8 /* Assets.xcassets in Resources */ = {isa = PBXBuildFile; fileRef = 81B1C06A1CAD6BFD00CB2AD8 /* Assets.xcassets */; };
		81B1C06E1CAD6BFD00CB2AD8 /* Main.storyboard in Resources */ = {isa = PBXBuildFile; fileRef = 81B1C06C1CAD6BFD00CB2AD8 /* Main.storyboard */; };
		81B1C0791CAD6BFD00CB2AD8 /* ReactiveTestTests.swift in Sources */ = {isa = PBXBuildFile; fileRef = 81B1C0781CAD6BFD00CB2AD8 /* ReactiveTestTests.swift */; };
		81B1C0861CAD6E1500CB2AD8 /* ReactiveCocoa.framework in Frameworks */ = {isa = PBXBuildFile; fileRef = 81B1C0851CAD6E1500CB2AD8 /* ReactiveCocoa.framework */; };
		81B1C0881CAD6E1C00CB2AD8 /* Result.framework in Frameworks */ = {isa = PBXBuildFile; fileRef = 81B1C0871CAD6E1C00CB2AD8 /* Result.framework */; };
/* End PBXBuildFile section */

/* Begin PBXContainerItemProxy section */
		81B1C0751CAD6BFD00CB2AD8 /* PBXContainerItemProxy */ = {
			isa = PBXContainerItemProxy;
			containerPortal = 81B1C05B1CAD6BFD00CB2AD8 /* Project object */;
			proxyType = 1;
			remoteGlobalIDString = 81B1C0621CAD6BFD00CB2AD8;
			remoteInfo = ReactiveTest;
		};
/* End PBXContainerItemProxy section */

/* Begin PBXFileReference section */
		8162B6EB1CB2C4DF00F1F39E /* ViewModel.swift */ = {isa = PBXFileReference; fileEncoding = 4; lastKnownFileType = sourcecode.swift; path = ViewModel.swift; sourceTree = "<group>"; };
		8162B6ED1CB2C4EE00F1F39E /* Model.swift */ = {isa = PBXFileReference; fileEncoding = 4; lastKnownFileType = sourcecode.swift; path = Model.swift; sourceTree = "<group>"; };
		81B1C0631CAD6BFD00CB2AD8 /* ReactiveTest.app */ = {isa = PBXFileReference; explicitFileType = wrapper.application; includeInIndex = 0; path = ReactiveTest.app; sourceTree = BUILT_PRODUCTS_DIR; };
		81B1C0661CAD6BFD00CB2AD8 /* AppDelegate.swift */ = {isa = PBXFileReference; lastKnownFileType = sourcecode.swift; path = AppDelegate.swift; sourceTree = "<group>"; };
		81B1C0681CAD6BFD00CB2AD8 /* ViewController.swift */ = {isa = PBXFileReference; lastKnownFileType = sourcecode.swift; path = ViewController.swift; sourceTree = "<group>"; };
		81B1C06A1CAD6BFD00CB2AD8 /* Assets.xcassets */ = {isa = PBXFileReference; lastKnownFileType = folder.assetcatalog; path = Assets.xcassets; sourceTree = "<group>"; };
		81B1C06D1CAD6BFD00CB2AD8 /* Base */ = {isa = PBXFileReference; lastKnownFileType = file.storyboard; name = Base; path = Base.lproj/Main.storyboard; sourceTree = "<group>"; };
		81B1C06F1CAD6BFD00CB2AD8 /* Info.plist */ = {isa = PBXFileReference; lastKnownFileType = text.plist.xml; path = Info.plist; sourceTree = "<group>"; };
		81B1C0741CAD6BFD00CB2AD8 /* ReactiveTestTests.xctest */ = {isa = PBXFileReference; explicitFileType = wrapper.cfbundle; includeInIndex = 0; path = ReactiveTestTests.xctest; sourceTree = BUILT_PRODUCTS_DIR; };
		81B1C0781CAD6BFD00CB2AD8 /* ReactiveTestTests.swift */ = {isa = PBXFileReference; lastKnownFileType = sourcecode.swift; path = ReactiveTestTests.swift; sourceTree = "<group>"; };
		81B1C07A1CAD6BFD00CB2AD8 /* Info.plist */ = {isa = PBXFileReference; lastKnownFileType = text.plist.xml; path = Info.plist; sourceTree = "<group>"; };
		81B1C0851CAD6E1500CB2AD8 /* ReactiveCocoa.framework */ = {isa = PBXFileReference; lastKnownFileType = wrapper.framework; path = ReactiveCocoa.framework; sourceTree = "<group>"; };
		81B1C0871CAD6E1C00CB2AD8 /* Result.framework */ = {isa = PBXFileReference; lastKnownFileType = wrapper.framework; path = Result.framework; sourceTree = "<group>"; };
/* End PBXFileReference section */

/* Begin PBXFrameworksBuildPhase section */
		81B1C0601CAD6BFD00CB2AD8 /* Frameworks */ = {
			isa = PBXFrameworksBuildPhase;
			buildActionMask = 2147483647;
			files = (
				81B1C0861CAD6E1500CB2AD8 /* ReactiveCocoa.framework in Frameworks */,
				81B1C0881CAD6E1C00CB2AD8 /* Result.framework in Frameworks */,
			);
			runOnlyForDeploymentPostprocessing = 0;
		};
		81B1C0711CAD6BFD00CB2AD8 /* Frameworks */ = {
			isa = PBXFrameworksBuildPhase;
			buildActionMask = 2147483647;
			files = (
			);
			runOnlyForDeploymentPostprocessing = 0;
		};
/* End PBXFrameworksBuildPhase section */

/* Begin PBXGroup section */
		81B1C05A1CAD6BFD00CB2AD8 = {
			isa = PBXGroup;
			children = (
				81B1C0651CAD6BFD00CB2AD8 /* ReactiveTest */,
				81B1C0771CAD6BFD00CB2AD8 /* ReactiveTestTests */,
				81B1C0641CAD6BFD00CB2AD8 /* Products */,
			);
			sourceTree = "<group>";
		};
		81B1C0641CAD6BFD00CB2AD8 /* Products */ = {
			isa = PBXGroup;
			children = (
				81B1C0631CAD6BFD00CB2AD8 /* ReactiveTest.app */,
				81B1C0741CAD6BFD00CB2AD8 /* ReactiveTestTests.xctest */,
			);
			name = Products;
			sourceTree = "<group>";
		};
		81B1C0651CAD6BFD00CB2AD8 /* ReactiveTest */ = {
			isa = PBXGroup;
			children = (
				81B1C0841CAD6DEF00CB2AD8 /* frameworks */,
				81B1C0661CAD6BFD00CB2AD8 /* AppDelegate.swift */,
				81B1C0681CAD6BFD00CB2AD8 /* ViewController.swift */,
				81B1C06A1CAD6BFD00CB2AD8 /* Assets.xcassets */,
				81B1C06C1CAD6BFD00CB2AD8 /* Main.storyboard */,
				81B1C06F1CAD6BFD00CB2AD8 /* Info.plist */,
				8162B6EB1CB2C4DF00F1F39E /* ViewModel.swift */,
				8162B6ED1CB2C4EE00F1F39E /* Model.swift */,
			);
			path = ReactiveTest;
			sourceTree = "<group>";
		};
		81B1C0771CAD6BFD00CB2AD8 /* ReactiveTestTests */ = {
			isa = PBXGroup;
			children = (
				81B1C0781CAD6BFD00CB2AD8 /* ReactiveTestTests.swift */,
				81B1C07A1CAD6BFD00CB2AD8 /* Info.plist */,
			);
			path = ReactiveTestTests;
			sourceTree = "<group>";
		};
		81B1C0841CAD6DEF00CB2AD8 /* frameworks */ = {
			isa = PBXGroup;
			children = (
				81B1C0871CAD6E1C00CB2AD8 /* Result.framework */,
				81B1C0851CAD6E1500CB2AD8 /* ReactiveCocoa.framework */,
			);
			name = frameworks;
			sourceTree = "<group>";
		};
/* End PBXGroup section */

/* Begin PBXNativeTarget section */
		81B1C0621CAD6BFD00CB2AD8 /* ReactiveTest */ = {
			isa = PBXNativeTarget;
			buildConfigurationList = 81B1C07D1CAD6BFD00CB2AD8 /* Build configuration list for PBXNativeTarget "ReactiveTest" */;
			buildPhases = (
				81B1C05F1CAD6BFD00CB2AD8 /* Sources */,
				81B1C0601CAD6BFD00CB2AD8 /* Frameworks */,
				81B1C0611CAD6BFD00CB2AD8 /* Resources */,
				81B1C0831CAD6C8D00CB2AD8 /* ShellScript */,
			);
			buildRules = (
			);
			dependencies = (
			);
			name = ReactiveTest;
			productName = ReactiveTest;
			productReference = 81B1C0631CAD6BFD00CB2AD8 /* ReactiveTest.app */;
			productType = "com.apple.product-type.application";
		};
		81B1C0731CAD6BFD00CB2AD8 /* ReactiveTestTests */ = {
			isa = PBXNativeTarget;
			buildConfigurationList = 81B1C0801CAD6BFD00CB2AD8 /* Build configuration list for PBXNativeTarget "ReactiveTestTests" */;
			buildPhases = (
				81B1C0701CAD6BFD00CB2AD8 /* Sources */,
				81B1C0711CAD6BFD00CB2AD8 /* Frameworks */,
				81B1C0721CAD6BFD00CB2AD8 /* Resources */,
			);
			buildRules = (
			);
			dependencies = (
				81B1C0761CAD6BFD00CB2AD8 /* PBXTargetDependency */,
			);
			name = ReactiveTestTests;
			productName = ReactiveTestTests;
			productReference = 81B1C0741CAD6BFD00CB2AD8 /* ReactiveTestTests.xctest */;
			productType = "com.apple.product-type.bundle.unit-test";
		};
/* End PBXNativeTarget section */

/* Begin PBXProject section */
		81B1C05B1CAD6BFD00CB2AD8 /* Project object */ = {
			isa = PBXProject;
			attributes = {
				LastSwiftUpdateCheck = 0730;
				LastUpgradeCheck = 0730;
				ORGANIZATIONNAME = ibm;
				TargetAttributes = {
					81B1C0621CAD6BFD00CB2AD8 = {
						CreatedOnToolsVersion = 7.3;
					};
					81B1C0731CAD6BFD00CB2AD8 = {
						CreatedOnToolsVersion = 7.3;
						TestTargetID = 81B1C0621CAD6BFD00CB2AD8;
					};
				};
			};
			buildConfigurationList = 81B1C05E1CAD6BFD00CB2AD8 /* Build configuration list for PBXProject "ReactiveTest" */;
			compatibilityVersion = "Xcode 3.2";
			developmentRegion = English;
			hasScannedForEncodings = 0;
			knownRegions = (
				en,
				Base,
			);
			mainGroup = 81B1C05A1CAD6BFD00CB2AD8;
			productRefGroup = 81B1C0641CAD6BFD00CB2AD8 /* Products */;
			projectDirPath = "";
			projectRoot = "";
			targets = (
				81B1C0621CAD6BFD00CB2AD8 /* ReactiveTest */,
				81B1C0731CAD6BFD00CB2AD8 /* ReactiveTestTests */,
			);
		};
/* End PBXProject section */

/* Begin PBXResourcesBuildPhase section */
		81B1C0611CAD6BFD00CB2AD8 /* Resources */ = {
			isa = PBXResourcesBuildPhase;
			buildActionMask = 2147483647;
			files = (
				81B1C06B1CAD6BFD00CB2AD8 /* Assets.xcassets in Resources */,
				81B1C06E1CAD6BFD00CB2AD8 /* Main.storyboard in Resources */,
			);
			runOnlyForDeploymentPostprocessing = 0;
		};
		81B1C0721CAD6BFD00CB2AD8 /* Resources */ = {
			isa = PBXResourcesBuildPhase;
			buildActionMask = 2147483647;
			files = (
			);
			runOnlyForDeploymentPostprocessing = 0;
		};
/* End PBXResourcesBuildPhase section */

/* Begin PBXShellScriptBuildPhase section */
		81B1C0831CAD6C8D00CB2AD8 /* ShellScript */ = {
			isa = PBXShellScriptBuildPhase;
			buildActionMask = 2147483647;
			files = (
			);
			inputPaths = (
				"$(SRCROOT)/Carthage/Build/Mac/Result.framework",
				"$(SRCROOT)/Carthage/Build/Mac/ReactiveCocoa.framework",
			);
			outputPaths = (
			);
			runOnlyForDeploymentPostprocessing = 0;
			shellPath = /bin/sh;
			shellScript = "/usr/local/bin/carthage copy-frameworks";
		};
/* End PBXShellScriptBuildPhase section */

/* Begin PBXSourcesBuildPhase section */
		81B1C05F1CAD6BFD00CB2AD8 /* Sources */ = {
			isa = PBXSourcesBuildPhase;
			buildActionMask = 2147483647;
			files = (
				81B1C0691CAD6BFD00CB2AD8 /* ViewController.swift in Sources */,
				8162B6EC1CB2C4DF00F1F39E /* ViewModel.swift in Sources */,
				81B1C0671CAD6BFD00CB2AD8 /* AppDelegate.swift in Sources */,
				8162B6EE1CB2C4EE00F1F39E /* Model.swift in Sources */,
			);
			runOnlyForDeploymentPostprocessing = 0;
		};
		81B1C0701CAD6BFD00CB2AD8 /* Sources */ = {
			isa = PBXSourcesBuildPhase;
			buildActionMask = 2147483647;
			files = (
				81B1C0791CAD6BFD00CB2AD8 /* ReactiveTestTests.swift in Sources */,
			);
			runOnlyForDeploymentPostprocessing = 0;
		};
/* End PBXSourcesBuildPhase section */

/* Begin PBXTargetDependency section */
		81B1C0761CAD6BFD00CB2AD8 /* PBXTargetDependency */ = {
			isa = PBXTargetDependency;
			target = 81B1C0621CAD6BFD00CB2AD8 /* ReactiveTest */;
			targetProxy = 81B1C0751CAD6BFD00CB2AD8 /* PBXContainerItemProxy */;
		};
/* End PBXTargetDependency section */

/* Begin PBXVariantGroup section */
		81B1C06C1CAD6BFD00CB2AD8 /* Main.storyboard */ = {
			isa = PBXVariantGroup;
			children = (
				81B1C06D1CAD6BFD00CB2AD8 /* Base */,
			);
			name = Main.storyboard;
			sourceTree = "<group>";
		};
/* End PBXVariantGroup section */

/* Begin XCBuildConfiguration section */
		81B1C07B1CAD6BFD00CB2AD8 /* Debug */ = {
			isa = XCBuildConfiguration;
			buildSettings = {
				ALWAYS_SEARCH_USER_PATHS = NO;
				CLANG_ANALYZER_NONNULL = YES;
				CLANG_CXX_LANGUAGE_STANDARD = "gnu++0x";
				CLANG_CXX_LIBRARY = "libc++";
				CLANG_ENABLE_MODULES = YES;
				CLANG_ENABLE_OBJC_ARC = YES;
				CLANG_WARN_BOOL_CONVERSION = YES;
				CLANG_WARN_CONSTANT_CONVERSION = YES;
				CLANG_WARN_DIRECT_OBJC_ISA_USAGE = YES_ERROR;
				CLANG_WARN_EMPTY_BODY = YES;
				CLANG_WARN_ENUM_CONVERSION = YES;
				CLANG_WARN_INT_CONVERSION = YES;
				CLANG_WARN_OBJC_ROOT_CLASS = YES_ERROR;
				CLANG_WARN_UNREACHABLE_CODE = YES;
				CLANG_WARN__DUPLICATE_METHOD_MATCH = YES;
				CODE_SIGN_IDENTITY = "-";
				COPY_PHASE_STRIP = NO;
				DEBUG_INFORMATION_FORMAT = dwarf;
				ENABLE_STRICT_OBJC_MSGSEND = YES;
				ENABLE_TESTABILITY = YES;
				GCC_C_LANGUAGE_STANDARD = gnu99;
				GCC_DYNAMIC_NO_PIC = NO;
				GCC_NO_COMMON_BLOCKS = YES;
				GCC_OPTIMIZATION_LEVEL = 0;
				GCC_PREPROCESSOR_DEFINITIONS = (
					"DEBUG=1",
					"$(inherited)",
				);
				GCC_WARN_64_TO_32_BIT_CONVERSION = YES;
				GCC_WARN_ABOUT_RETURN_TYPE = YES_ERROR;
				GCC_WARN_UNDECLARED_SELECTOR = YES;
				GCC_WARN_UNINITIALIZED_AUTOS = YES_AGGRESSIVE;
				GCC_WARN_UNUSED_FUNCTION = YES;
				GCC_WARN_UNUSED_VARIABLE = YES;
				MACOSX_DEPLOYMENT_TARGET = 10.11;
				MTL_ENABLE_DEBUG_INFO = YES;
				ONLY_ACTIVE_ARCH = YES;
				SDKROOT = macosx;
				SWIFT_OPTIMIZATION_LEVEL = "-Onone";
			};
			name = Debug;
		};
		81B1C07C1CAD6BFD00CB2AD8 /* Release */ = {
			isa = XCBuildConfiguration;
			buildSettings = {
				ALWAYS_SEARCH_USER_PATHS = NO;
				CLANG_ANALYZER_NONNULL = YES;
				CLANG_CXX_LANGUAGE_STANDARD = "gnu++0x";
				CLANG_CXX_LIBRARY = "libc++";
				CLANG_ENABLE_MODULES = YES;
				CLANG_ENABLE_OBJC_ARC = YES;
				CLANG_WARN_BOOL_CONVERSION = YES;
				CLANG_WARN_CONSTANT_CONVERSION = YES;
				CLANG_WARN_DIRECT_OBJC_ISA_USAGE = YES_ERROR;
				CLANG_WARN_EMPTY_BODY = YES;
				CLANG_WARN_ENUM_CONVERSION = YES;
				CLANG_WARN_INT_CONVERSION = YES;
				CLANG_WARN_OBJC_ROOT_CLASS = YES_ERROR;
				CLANG_WARN_UNREACHABLE_CODE = YES;
				CLANG_WARN__DUPLICATE_METHOD_MATCH = YES;
				CODE_SIGN_IDENTITY = "-";
				COPY_PHASE_STRIP = NO;
				DEBUG_INFORMATION_FORMAT = "dwarf-with-dsym";
				ENABLE_NS_ASSERTIONS = NO;
				ENABLE_STRICT_OBJC_MSGSEND = YES;
				GCC_C_LANGUAGE_STANDARD = gnu99;
				GCC_NO_COMMON_BLOCKS = YES;
				GCC_WARN_64_TO_32_BIT_CONVERSION = YES;
				GCC_WARN_ABOUT_RETURN_TYPE = YES_ERROR;
				GCC_WARN_UNDECLARED_SELECTOR = YES;
				GCC_WARN_UNINITIALIZED_AUTOS = YES_AGGRESSIVE;
				GCC_WARN_UNUSED_FUNCTION = YES;
				GCC_WARN_UNUSED_VARIABLE = YES;
				MACOSX_DEPLOYMENT_TARGET = 10.11;
				MTL_ENABLE_DEBUG_INFO = NO;
				SDKROOT = macosx;
			};
			name = Release;
		};
		81B1C07E1CAD6BFD00CB2AD8 /* Debug */ = {
			isa = XCBuildConfiguration;
			buildSettings = {
				ASSETCATALOG_COMPILER_APPICON_NAME = AppIcon;
				COMBINE_HIDPI_IMAGES = YES;
				FRAMEWORK_SEARCH_PATHS = (
					"$(inherited)",
					"$(PROJECT_DIR)/ReactiveTest",
				);
				INFOPLIST_FILE = ReactiveTest/Info.plist;
				LD_RUNPATH_SEARCH_PATHS = "$(inherited) @executable_path/../Frameworks";
				PRODUCT_BUNDLE_IDENTIFIER = com.ibm.cio.be.ReactiveTest;
				PRODUCT_NAME = "$(TARGET_NAME)";
			};
			name = Debug;
		};
		81B1C07F1CAD6BFD00CB2AD8 /* Release */ = {
			isa = XCBuildConfiguration;
			buildSettings = {
				ASSETCATALOG_COMPILER_APPICON_NAME = AppIcon;
				COMBINE_HIDPI_IMAGES = YES;
				FRAMEWORK_SEARCH_PATHS = (
					"$(inherited)",
					"$(PROJECT_DIR)/ReactiveTest",
				);
				INFOPLIST_FILE = ReactiveTest/Info.plist;
				LD_RUNPATH_SEARCH_PATHS = "$(inherited) @executable_path/../Frameworks";
				PRODUCT_BUNDLE_IDENTIFIER = com.ibm.cio.be.ReactiveTest;
				PRODUCT_NAME = "$(TARGET_NAME)";
			};
			name = Release;
		};
		81B1C0811CAD6BFD00CB2AD8 /* Debug */ = {
			isa = XCBuildConfiguration;
			buildSettings = {
				BUNDLE_LOADER = "$(TEST_HOST)";
				COMBINE_HIDPI_IMAGES = YES;
				INFOPLIST_FILE = ReactiveTestTests/Info.plist;
				LD_RUNPATH_SEARCH_PATHS = "$(inherited) @executable_path/../Frameworks @loader_path/../Frameworks";
				PRODUCT_BUNDLE_IDENTIFIER = com.ibm.cio.be.ReactiveTestTests;
				PRODUCT_NAME = "$(TARGET_NAME)";
				TEST_HOST = "$(BUILT_PRODUCTS_DIR)/ReactiveTest.app/Contents/MacOS/ReactiveTest";
			};
			name = Debug;
		};
		81B1C0821CAD6BFD00CB2AD8 /* Release */ = {
			isa = XCBuildConfiguration;
			buildSettings = {
				BUNDLE_LOADER = "$(TEST_HOST)";
				COMBINE_HIDPI_IMAGES = YES;
				INFOPLIST_FILE = ReactiveTestTests/Info.plist;
				LD_RUNPATH_SEARCH_PATHS = "$(inherited) @executable_path/../Frameworks @loader_path/../Frameworks";
				PRODUCT_BUNDLE_IDENTIFIER = com.ibm.cio.be.ReactiveTestTests;
				PRODUCT_NAME = "$(TARGET_NAME)";
				TEST_HOST = "$(BUILT_PRODUCTS_DIR)/ReactiveTest.app/Contents/MacOS/ReactiveTest";
			};
			name = Release;
		};
/* End XCBuildConfiguration section */

/* Begin XCConfigurationList section */
		81B1C05E1CAD6BFD00CB2AD8 /* Build configuration list for PBXProject "ReactiveTest" */ = {
			isa = XCConfigurationList;
			buildConfigurations = (
				81B1C07B1CAD6BFD00CB2AD8 /* Debug */,
				81B1C07C1CAD6BFD00CB2AD8 /* Release */,
			);
			defaultConfigurationIsVisible = 0;
			defaultConfigurationName = Release;
		};
		81B1C07D1CAD6BFD00CB2AD8 /* Build configuration list for PBXNativeTarget "ReactiveTest" */ = {
			isa = XCConfigurationList;
			buildConfigurations = (
				81B1C07E1CAD6BFD00CB2AD8 /* Debug */,
				81B1C07F1CAD6BFD00CB2AD8 /* Release */,
			);
			defaultConfigurationIsVisible = 0;
			defaultConfigurationName = Release;
		};
		81B1C0801CAD6BFD00CB2AD8 /* Build configuration list for PBXNativeTarget "ReactiveTestTests" */ = {
			isa = XCConfigurationList;
			buildConfigurations = (
				81B1C0811CAD6BFD00CB2AD8 /* Debug */,
				81B1C0821CAD6BFD00CB2AD8 /* Release */,
			);
			defaultConfigurationIsVisible = 0;
			defaultConfigurationName = Release;
		};
/* End XCConfigurationList section */
	};
	rootObject = 81B1C05B1CAD6BFD00CB2AD8 /* Project object */;
}
